// !$*UTF8*$!
{
	archiveVersion = 1;
	classes = {
	};
	objectVersion = 55;
	objects = {

/* Begin PBXBuildFile section */
		CB5F9029295AA5D00019897C /* RemoteImageView.swift in Sources */ = {isa = PBXBuildFile; fileRef = CB5F9028295AA5D00019897C /* RemoteImageView.swift */; };
		CB5F902C295AA7A00019897C /* PostPageVC.swift in Sources */ = {isa = PBXBuildFile; fileRef = CB5F902B295AA7A00019897C /* PostPageVC.swift */; };
		CB5F902F295AB36C0019897C /* URLSessionHTTPClient.swift in Sources */ = {isa = PBXBuildFile; fileRef = CB5F902E295AB36C0019897C /* URLSessionHTTPClient.swift */; };
		CB5F9031295AB3AD0019897C /* Request.swift in Sources */ = {isa = PBXBuildFile; fileRef = CB5F9030295AB3AD0019897C /* Request.swift */; };
		CB5F9036295BA3700019897C /* MainPageVM.swift in Sources */ = {isa = PBXBuildFile; fileRef = CB5F9035295BA3700019897C /* MainPageVM.swift */; };
		CB5F9038295BA8150019897C /* RedditRequest.swift in Sources */ = {isa = PBXBuildFile; fileRef = CB5F9037295BA8150019897C /* RedditRequest.swift */; };
		CB5F903A295BDF790019897C /* SubredditOptionVC.swift in Sources */ = {isa = PBXBuildFile; fileRef = CB5F9039295BDF790019897C /* SubredditOptionVC.swift */; };
		CB5F9040295BE2300019897C /* SubredditOptionCVC.swift in Sources */ = {isa = PBXBuildFile; fileRef = CB5F903E295BE2300019897C /* SubredditOptionCVC.swift */; };
		CB5F9041295BE2300019897C /* SubredditOptionCVC.xib in Resources */ = {isa = PBXBuildFile; fileRef = CB5F903F295BE2300019897C /* SubredditOptionCVC.xib */; };
		CB9A73D02956E970009DEA39 /* AppDelegate.swift in Sources */ = {isa = PBXBuildFile; fileRef = CB9A73CF2956E970009DEA39 /* AppDelegate.swift */; };
		CB9A73D22956E970009DEA39 /* SceneDelegate.swift in Sources */ = {isa = PBXBuildFile; fileRef = CB9A73D12956E970009DEA39 /* SceneDelegate.swift */; };
		CB9A73D42956E970009DEA39 /* MainPage.swift in Sources */ = {isa = PBXBuildFile; fileRef = CB9A73D32956E970009DEA39 /* MainPage.swift */; };
		CB9A73D72956E970009DEA39 /* Main.storyboard in Resources */ = {isa = PBXBuildFile; fileRef = CB9A73D52956E970009DEA39 /* Main.storyboard */; };
		CB9A73DA2956E970009DEA39 /* RedditProject.xcdatamodeld in Sources */ = {isa = PBXBuildFile; fileRef = CB9A73D82956E970009DEA39 /* RedditProject.xcdatamodeld */; };
		CB9A73DC2956E977009DEA39 /* Assets.xcassets in Resources */ = {isa = PBXBuildFile; fileRef = CB9A73DB2956E977009DEA39 /* Assets.xcassets */; };
		CB9A73DF2956E977009DEA39 /* LaunchScreen.storyboard in Resources */ = {isa = PBXBuildFile; fileRef = CB9A73DD2956E977009DEA39 /* LaunchScreen.storyboard */; };
		CB9A73EA2956E977009DEA39 /* RedditProjectTests.swift in Sources */ = {isa = PBXBuildFile; fileRef = CB9A73E92956E977009DEA39 /* RedditProjectTests.swift */; };
		CB9A73F42956E977009DEA39 /* RedditProjectUITests.swift in Sources */ = {isa = PBXBuildFile; fileRef = CB9A73F32956E977009DEA39 /* RedditProjectUITests.swift */; };
		CB9A73F62956E977009DEA39 /* RedditProjectUITestsLaunchTests.swift in Sources */ = {isa = PBXBuildFile; fileRef = CB9A73F52956E977009DEA39 /* RedditProjectUITestsLaunchTests.swift */; };
		CB9A7403295A80A5009DEA39 /* RedditModels.swift in Sources */ = {isa = PBXBuildFile; fileRef = CB9A7402295A80A4009DEA39 /* RedditModels.swift */; };
		CB9A7406295A8139009DEA39 /* MainPostTVC.swift in Sources */ = {isa = PBXBuildFile; fileRef = CB9A7404295A8139009DEA39 /* MainPostTVC.swift */; };
		CB9A7407295A8139009DEA39 /* MainPostTVC.xib in Resources */ = {isa = PBXBuildFile; fileRef = CB9A7405295A8139009DEA39 /* MainPostTVC.xib */; };
/* End PBXBuildFile section */

/* Begin PBXContainerItemProxy section */
		CB9A73E62956E977009DEA39 /* PBXContainerItemProxy */ = {
			isa = PBXContainerItemProxy;
			containerPortal = CB9A73C42956E970009DEA39 /* Project object */;
			proxyType = 1;
			remoteGlobalIDString = CB9A73CB2956E970009DEA39;
			remoteInfo = RedditProject;
		};
		CB9A73F02956E977009DEA39 /* PBXContainerItemProxy */ = {
			isa = PBXContainerItemProxy;
			containerPortal = CB9A73C42956E970009DEA39 /* Project object */;
			proxyType = 1;
			remoteGlobalIDString = CB9A73CB2956E970009DEA39;
			remoteInfo = RedditProject;
		};
/* End PBXContainerItemProxy section */

/* Begin PBXFileReference section */
		CB5F9028295AA5D00019897C /* RemoteImageView.swift */ = {isa = PBXFileReference; lastKnownFileType = sourcecode.swift; path = RemoteImageView.swift; sourceTree = "<group>"; };
		CB5F902B295AA7A00019897C /* PostPageVC.swift */ = {isa = PBXFileReference; lastKnownFileType = sourcecode.swift; path = PostPageVC.swift; sourceTree = "<group>"; };
		CB5F902E295AB36C0019897C /* URLSessionHTTPClient.swift */ = {isa = PBXFileReference; lastKnownFileType = sourcecode.swift; path = URLSessionHTTPClient.swift; sourceTree = "<group>"; };
		CB5F9030295AB3AD0019897C /* Request.swift */ = {isa = PBXFileReference; lastKnownFileType = sourcecode.swift; path = Request.swift; sourceTree = "<group>"; };
		CB5F9035295BA3700019897C /* MainPageVM.swift */ = {isa = PBXFileReference; lastKnownFileType = sourcecode.swift; path = MainPageVM.swift; sourceTree = "<group>"; };
		CB5F9037295BA8150019897C /* RedditRequest.swift */ = {isa = PBXFileReference; lastKnownFileType = sourcecode.swift; path = RedditRequest.swift; sourceTree = "<group>"; };
		CB5F9039295BDF790019897C /* SubredditOptionVC.swift */ = {isa = PBXFileReference; lastKnownFileType = sourcecode.swift; path = SubredditOptionVC.swift; sourceTree = "<group>"; };
		CB5F903E295BE2300019897C /* SubredditOptionCVC.swift */ = {isa = PBXFileReference; lastKnownFileType = sourcecode.swift; path = SubredditOptionCVC.swift; sourceTree = "<group>"; };
		CB5F903F295BE2300019897C /* SubredditOptionCVC.xib */ = {isa = PBXFileReference; lastKnownFileType = file.xib; path = SubredditOptionCVC.xib; sourceTree = "<group>"; };
		CB9A73CC2956E970009DEA39 /* RedditProject.app */ = {isa = PBXFileReference; explicitFileType = wrapper.application; includeInIndex = 0; path = RedditProject.app; sourceTree = BUILT_PRODUCTS_DIR; };
		CB9A73CF2956E970009DEA39 /* AppDelegate.swift */ = {isa = PBXFileReference; lastKnownFileType = sourcecode.swift; path = AppDelegate.swift; sourceTree = "<group>"; };
		CB9A73D12956E970009DEA39 /* SceneDelegate.swift */ = {isa = PBXFileReference; lastKnownFileType = sourcecode.swift; path = SceneDelegate.swift; sourceTree = "<group>"; };
		CB9A73D32956E970009DEA39 /* MainPage.swift */ = {isa = PBXFileReference; lastKnownFileType = sourcecode.swift; path = MainPage.swift; sourceTree = "<group>"; };
		CB9A73D62956E970009DEA39 /* Base */ = {isa = PBXFileReference; lastKnownFileType = file.storyboard; name = Base; path = Base.lproj/Main.storyboard; sourceTree = "<group>"; };
		CB9A73D92956E970009DEA39 /* RedditProject.xcdatamodel */ = {isa = PBXFileReference; lastKnownFileType = wrapper.xcdatamodel; path = RedditProject.xcdatamodel; sourceTree = "<group>"; };
		CB9A73DB2956E977009DEA39 /* Assets.xcassets */ = {isa = PBXFileReference; lastKnownFileType = folder.assetcatalog; path = Assets.xcassets; sourceTree = "<group>"; };
		CB9A73DE2956E977009DEA39 /* Base */ = {isa = PBXFileReference; lastKnownFileType = file.storyboard; name = Base; path = Base.lproj/LaunchScreen.storyboard; sourceTree = "<group>"; };
		CB9A73E02956E977009DEA39 /* Info.plist */ = {isa = PBXFileReference; lastKnownFileType = text.plist.xml; path = Info.plist; sourceTree = "<group>"; };
		CB9A73E52956E977009DEA39 /* RedditProjectTests.xctest */ = {isa = PBXFileReference; explicitFileType = wrapper.cfbundle; includeInIndex = 0; path = RedditProjectTests.xctest; sourceTree = BUILT_PRODUCTS_DIR; };
		CB9A73E92956E977009DEA39 /* RedditProjectTests.swift */ = {isa = PBXFileReference; lastKnownFileType = sourcecode.swift; path = RedditProjectTests.swift; sourceTree = "<group>"; };
		CB9A73EF2956E977009DEA39 /* RedditProjectUITests.xctest */ = {isa = PBXFileReference; explicitFileType = wrapper.cfbundle; includeInIndex = 0; path = RedditProjectUITests.xctest; sourceTree = BUILT_PRODUCTS_DIR; };
		CB9A73F32956E977009DEA39 /* RedditProjectUITests.swift */ = {isa = PBXFileReference; lastKnownFileType = sourcecode.swift; path = RedditProjectUITests.swift; sourceTree = "<group>"; };
		CB9A73F52956E977009DEA39 /* RedditProjectUITestsLaunchTests.swift */ = {isa = PBXFileReference; lastKnownFileType = sourcecode.swift; path = RedditProjectUITestsLaunchTests.swift; sourceTree = "<group>"; };
		CB9A7402295A80A4009DEA39 /* RedditModels.swift */ = {isa = PBXFileReference; lastKnownFileType = sourcecode.swift; path = RedditModels.swift; sourceTree = "<group>"; };
		CB9A7404295A8139009DEA39 /* MainPostTVC.swift */ = {isa = PBXFileReference; lastKnownFileType = sourcecode.swift; path = MainPostTVC.swift; sourceTree = "<group>"; };
		CB9A7405295A8139009DEA39 /* MainPostTVC.xib */ = {isa = PBXFileReference; lastKnownFileType = file.xib; path = MainPostTVC.xib; sourceTree = "<group>"; };
/* End PBXFileReference section */

/* Begin PBXFrameworksBuildPhase section */
		CB9A73C92956E970009DEA39 /* Frameworks */ = {
			isa = PBXFrameworksBuildPhase;
			buildActionMask = 2147483647;
			files = (
			);
			runOnlyForDeploymentPostprocessing = 0;
		};
		CB9A73E22956E977009DEA39 /* Frameworks */ = {
			isa = PBXFrameworksBuildPhase;
			buildActionMask = 2147483647;
			files = (
			);
			runOnlyForDeploymentPostprocessing = 0;
		};
		CB9A73EC2956E977009DEA39 /* Frameworks */ = {
			isa = PBXFrameworksBuildPhase;
			buildActionMask = 2147483647;
			files = (
			);
			runOnlyForDeploymentPostprocessing = 0;
		};
/* End PBXFrameworksBuildPhase section */

/* Begin PBXGroup section */
		CB5F9027295AA5B10019897C /* Reusable */ = {
			isa = PBXGroup;
			children = (
				CB5F9028295AA5D00019897C /* RemoteImageView.swift */,
			);
			path = Reusable;
			sourceTree = "<group>";
		};
		CB5F902D295AB3420019897C /* API Infastructure */ = {
			isa = PBXGroup;
			children = (
				CB5F902E295AB36C0019897C /* URLSessionHTTPClient.swift */,
				CB5F9030295AB3AD0019897C /* Request.swift */,
			);
			path = "API Infastructure";
			sourceTree = "<group>";
		};
		CB5F9034295BA3620019897C /* MainPageScene */ = {
			isa = PBXGroup;
			children = (
				CB9A73D32956E970009DEA39 /* MainPage.swift */,
				CB5F9035295BA3700019897C /* MainPageVM.swift */,
				CB5F9037295BA8150019897C /* RedditRequest.swift */,
			);
			path = MainPageScene;
			sourceTree = "<group>";
		};
		CB5F903B295BDF8B0019897C /* SubredditOptionScene */ = {
			isa = PBXGroup;
			children = (
				CB5F9039295BDF790019897C /* SubredditOptionVC.swift */,
			);
			path = SubredditOptionScene;
			sourceTree = "<group>";
		};
		CB9A73C32956E970009DEA39 = {
			isa = PBXGroup;
			children = (
				CB9A73CE2956E970009DEA39 /* RedditProject */,
				CB9A73E82956E977009DEA39 /* RedditProjectTests */,
				CB9A73F22956E977009DEA39 /* RedditProjectUITests */,
				CB9A73CD2956E970009DEA39 /* Products */,
			);
			sourceTree = "<group>";
		};
		CB9A73CD2956E970009DEA39 /* Products */ = {
			isa = PBXGroup;
			children = (
				CB9A73CC2956E970009DEA39 /* RedditProject.app */,
				CB9A73E52956E977009DEA39 /* RedditProjectTests.xctest */,
				CB9A73EF2956E977009DEA39 /* RedditProjectUITests.xctest */,
			);
			name = Products;
			sourceTree = "<group>";
		};
		CB9A73CE2956E970009DEA39 /* RedditProject */ = {
			isa = PBXGroup;
			children = (
				CB5F902D295AB3420019897C /* API Infastructure */,
				CB5F9034295BA3620019897C /* MainPageScene */,
				CB5F902B295AA7A00019897C /* PostPageVC.swift */,
				CB5F903B295BDF8B0019897C /* SubredditOptionScene */,
				CB9A7408295A8144009DEA39 /* TVCells */,
				CB9A7409295A8183009DEA39 /* Models */,
				CB5F9027295AA5B10019897C /* Reusable */,
				CB9A73D52956E970009DEA39 /* Main.storyboard */,
				CB9A73CF2956E970009DEA39 /* AppDelegate.swift */,
				CB9A73D12956E970009DEA39 /* SceneDelegate.swift */,
				CB9A73DB2956E977009DEA39 /* Assets.xcassets */,
				CB9A73DD2956E977009DEA39 /* LaunchScreen.storyboard */,
				CB9A73E02956E977009DEA39 /* Info.plist */,
				CB9A73D82956E970009DEA39 /* RedditProject.xcdatamodeld */,
			);
			path = RedditProject;
			sourceTree = "<group>";
		};
		CB9A73E82956E977009DEA39 /* RedditProjectTests */ = {
			isa = PBXGroup;
			children = (
				CB9A73E92956E977009DEA39 /* RedditProjectTests.swift */,
			);
			path = RedditProjectTests;
			sourceTree = "<group>";
		};
		CB9A73F22956E977009DEA39 /* RedditProjectUITests */ = {
			isa = PBXGroup;
			children = (
				CB9A73F32956E977009DEA39 /* RedditProjectUITests.swift */,
				CB9A73F52956E977009DEA39 /* RedditProjectUITestsLaunchTests.swift */,
			);
			path = RedditProjectUITests;
			sourceTree = "<group>";
		};
		CB9A7408295A8144009DEA39 /* TVCells */ = {
			isa = PBXGroup;
			children = (
				CB9A7404295A8139009DEA39 /* MainPostTVC.swift */,
				CB9A7405295A8139009DEA39 /* MainPostTVC.xib */,
				CB5F903E295BE2300019897C /* SubredditOptionCVC.swift */,
				CB5F903F295BE2300019897C /* SubredditOptionCVC.xib */,
			);
			path = TVCells;
			sourceTree = "<group>";
		};
		CB9A7409295A8183009DEA39 /* Models */ = {
			isa = PBXGroup;
			children = (
				CB9A7402295A80A4009DEA39 /* RedditModels.swift */,
			);
			path = Models;
			sourceTree = "<group>";
		};
/* End PBXGroup section */

/* Begin PBXNativeTarget section */
		CB9A73CB2956E970009DEA39 /* RedditProject */ = {
			isa = PBXNativeTarget;
			buildConfigurationList = CB9A73F92956E977009DEA39 /* Build configuration list for PBXNativeTarget "RedditProject" */;
			buildPhases = (
				CB9A73C82956E970009DEA39 /* Sources */,
				CB9A73C92956E970009DEA39 /* Frameworks */,
				CB9A73CA2956E970009DEA39 /* Resources */,
			);
			buildRules = (
			);
			dependencies = (
			);
			name = RedditProject;
			productName = RedditProject;
			productReference = CB9A73CC2956E970009DEA39 /* RedditProject.app */;
			productType = "com.apple.product-type.application";
		};
		CB9A73E42956E977009DEA39 /* RedditProjectTests */ = {
			isa = PBXNativeTarget;
			buildConfigurationList = CB9A73FC2956E977009DEA39 /* Build configuration list for PBXNativeTarget "RedditProjectTests" */;
			buildPhases = (
				CB9A73E12956E977009DEA39 /* Sources */,
				CB9A73E22956E977009DEA39 /* Frameworks */,
				CB9A73E32956E977009DEA39 /* Resources */,
			);
			buildRules = (
			);
			dependencies = (
				CB9A73E72956E977009DEA39 /* PBXTargetDependency */,
			);
			name = RedditProjectTests;
			productName = RedditProjectTests;
			productReference = CB9A73E52956E977009DEA39 /* RedditProjectTests.xctest */;
			productType = "com.apple.product-type.bundle.unit-test";
		};
		CB9A73EE2956E977009DEA39 /* RedditProjectUITests */ = {
			isa = PBXNativeTarget;
			buildConfigurationList = CB9A73FF2956E977009DEA39 /* Build configuration list for PBXNativeTarget "RedditProjectUITests" */;
			buildPhases = (
				CB9A73EB2956E977009DEA39 /* Sources */,
				CB9A73EC2956E977009DEA39 /* Frameworks */,
				CB9A73ED2956E977009DEA39 /* Resources */,
			);
			buildRules = (
			);
			dependencies = (
				CB9A73F12956E977009DEA39 /* PBXTargetDependency */,
			);
			name = RedditProjectUITests;
			productName = RedditProjectUITests;
			productReference = CB9A73EF2956E977009DEA39 /* RedditProjectUITests.xctest */;
			productType = "com.apple.product-type.bundle.ui-testing";
		};
/* End PBXNativeTarget section */

/* Begin PBXProject section */
		CB9A73C42956E970009DEA39 /* Project object */ = {
			isa = PBXProject;
			attributes = {
				BuildIndependentTargetsInParallel = 1;
				LastSwiftUpdateCheck = 1320;
				LastUpgradeCheck = 1320;
				TargetAttributes = {
					CB9A73CB2956E970009DEA39 = {
						CreatedOnToolsVersion = 13.2.1;
					};
					CB9A73E42956E977009DEA39 = {
						CreatedOnToolsVersion = 13.2.1;
						TestTargetID = CB9A73CB2956E970009DEA39;
					};
					CB9A73EE2956E977009DEA39 = {
						CreatedOnToolsVersion = 13.2.1;
						TestTargetID = CB9A73CB2956E970009DEA39;
					};
				};
			};
			buildConfigurationList = CB9A73C72956E970009DEA39 /* Build configuration list for PBXProject "RedditProject" */;
			compatibilityVersion = "Xcode 13.0";
			developmentRegion = en;
			hasScannedForEncodings = 0;
			knownRegions = (
				en,
				Base,
			);
			mainGroup = CB9A73C32956E970009DEA39;
			productRefGroup = CB9A73CD2956E970009DEA39 /* Products */;
			projectDirPath = "";
			projectRoot = "";
			targets = (
				CB9A73CB2956E970009DEA39 /* RedditProject */,
				CB9A73E42956E977009DEA39 /* RedditProjectTests */,
				CB9A73EE2956E977009DEA39 /* RedditProjectUITests */,
			);
		};
/* End PBXProject section */

/* Begin PBXResourcesBuildPhase section */
		CB9A73CA2956E970009DEA39 /* Resources */ = {
			isa = PBXResourcesBuildPhase;
			buildActionMask = 2147483647;
			files = (
				CB9A7407295A8139009DEA39 /* MainPostTVC.xib in Resources */,
				CB9A73DF2956E977009DEA39 /* LaunchScreen.storyboard in Resources */,
				CB5F9041295BE2300019897C /* SubredditOptionCVC.xib in Resources */,
				CB9A73DC2956E977009DEA39 /* Assets.xcassets in Resources */,
				CB9A73D72956E970009DEA39 /* Main.storyboard in Resources */,
			);
			runOnlyForDeploymentPostprocessing = 0;
		};
		CB9A73E32956E977009DEA39 /* Resources */ = {
			isa = PBXResourcesBuildPhase;
			buildActionMask = 2147483647;
			files = (
			);
			runOnlyForDeploymentPostprocessing = 0;
		};
		CB9A73ED2956E977009DEA39 /* Resources */ = {
			isa = PBXResourcesBuildPhase;
			buildActionMask = 2147483647;
			files = (
			);
			runOnlyForDeploymentPostprocessing = 0;
		};
/* End PBXResourcesBuildPhase section */

/* Begin PBXSourcesBuildPhase section */
		CB9A73C82956E970009DEA39 /* Sources */ = {
			isa = PBXSourcesBuildPhase;
			buildActionMask = 2147483647;
			files = (
				CB9A73D42956E970009DEA39 /* MainPage.swift in Sources */,
				CB5F9036295BA3700019897C /* MainPageVM.swift in Sources */,
				CB9A73DA2956E970009DEA39 /* RedditProject.xcdatamodeld in Sources */,
				CB5F9038295BA8150019897C /* RedditRequest.swift in Sources */,
				CB9A7406295A8139009DEA39 /* MainPostTVC.swift in Sources */,
				CB9A7403295A80A5009DEA39 /* RedditModels.swift in Sources */,
				CB9A73D02956E970009DEA39 /* AppDelegate.swift in Sources */,
				CB9A73D22956E970009DEA39 /* SceneDelegate.swift in Sources */,
				CB5F9029295AA5D00019897C /* RemoteImageView.swift in Sources */,
				CB5F9031295AB3AD0019897C /* Request.swift in Sources */,
				CB5F903A295BDF790019897C /* SubredditOptionVC.swift in Sources */,
				CB5F902C295AA7A00019897C /* PostPageVC.swift in Sources */,
				CB5F9040295BE2300019897C /* SubredditOptionCVC.swift in Sources */,
				CB5F902F295AB36C0019897C /* URLSessionHTTPClient.swift in Sources */,
			);
			runOnlyForDeploymentPostprocessing = 0;
		};
		CB9A73E12956E977009DEA39 /* Sources */ = {
			isa = PBXSourcesBuildPhase;
			buildActionMask = 2147483647;
			files = (
				CB9A73EA2956E977009DEA39 /* RedditProjectTests.swift in Sources */,
			);
			runOnlyForDeploymentPostprocessing = 0;
		};
		CB9A73EB2956E977009DEA39 /* Sources */ = {
			isa = PBXSourcesBuildPhase;
			buildActionMask = 2147483647;
			files = (
				CB9A73F62956E977009DEA39 /* RedditProjectUITestsLaunchTests.swift in Sources */,
				CB9A73F42956E977009DEA39 /* RedditProjectUITests.swift in Sources */,
			);
			runOnlyForDeploymentPostprocessing = 0;
		};
/* End PBXSourcesBuildPhase section */

/* Begin PBXTargetDependency section */
		CB9A73E72956E977009DEA39 /* PBXTargetDependency */ = {
			isa = PBXTargetDependency;
			target = CB9A73CB2956E970009DEA39 /* RedditProject */;
			targetProxy = CB9A73E62956E977009DEA39 /* PBXContainerItemProxy */;
		};
		CB9A73F12956E977009DEA39 /* PBXTargetDependency */ = {
			isa = PBXTargetDependency;
			target = CB9A73CB2956E970009DEA39 /* RedditProject */;
			targetProxy = CB9A73F02956E977009DEA39 /* PBXContainerItemProxy */;
		};
/* End PBXTargetDependency section */

/* Begin PBXVariantGroup section */
		CB9A73D52956E970009DEA39 /* Main.storyboard */ = {
			isa = PBXVariantGroup;
			children = (
				CB9A73D62956E970009DEA39 /* Base */,
			);
			name = Main.storyboard;
			sourceTree = "<group>";
		};
		CB9A73DD2956E977009DEA39 /* LaunchScreen.storyboard */ = {
			isa = PBXVariantGroup;
			children = (
				CB9A73DE2956E977009DEA39 /* Base */,
			);
			name = LaunchScreen.storyboard;
			sourceTree = "<group>";
		};
/* End PBXVariantGroup section */

/* Begin XCBuildConfiguration section */
		CB9A73F72956E977009DEA39 /* Debug */ = {
			isa = XCBuildConfiguration;
			buildSettings = {
				ALWAYS_SEARCH_USER_PATHS = NO;
				CLANG_ANALYZER_NONNULL = YES;
				CLANG_ANALYZER_NUMBER_OBJECT_CONVERSION = YES_AGGRESSIVE;
				CLANG_CXX_LANGUAGE_STANDARD = "gnu++17";
				CLANG_CXX_LIBRARY = "libc++";
				CLANG_ENABLE_MODULES = YES;
				CLANG_ENABLE_OBJC_ARC = YES;
				CLANG_ENABLE_OBJC_WEAK = YES;
				CLANG_WARN_BLOCK_CAPTURE_AUTORELEASING = YES;
				CLANG_WARN_BOOL_CONVERSION = YES;
				CLANG_WARN_COMMA = YES;
				CLANG_WARN_CONSTANT_CONVERSION = YES;
				CLANG_WARN_DEPRECATED_OBJC_IMPLEMENTATIONS = YES;
				CLANG_WARN_DIRECT_OBJC_ISA_USAGE = YES_ERROR;
				CLANG_WARN_DOCUMENTATION_COMMENTS = YES;
				CLANG_WARN_EMPTY_BODY = YES;
				CLANG_WARN_ENUM_CONVERSION = YES;
				CLANG_WARN_INFINITE_RECURSION = YES;
				CLANG_WARN_INT_CONVERSION = YES;
				CLANG_WARN_NON_LITERAL_NULL_CONVERSION = YES;
				CLANG_WARN_OBJC_IMPLICIT_RETAIN_SELF = YES;
				CLANG_WARN_OBJC_LITERAL_CONVERSION = YES;
				CLANG_WARN_OBJC_ROOT_CLASS = YES_ERROR;
				CLANG_WARN_QUOTED_INCLUDE_IN_FRAMEWORK_HEADER = YES;
				CLANG_WARN_RANGE_LOOP_ANALYSIS = YES;
				CLANG_WARN_STRICT_PROTOTYPES = YES;
				CLANG_WARN_SUSPICIOUS_MOVE = YES;
				CLANG_WARN_UNGUARDED_AVAILABILITY = YES_AGGRESSIVE;
				CLANG_WARN_UNREACHABLE_CODE = YES;
				CLANG_WARN__DUPLICATE_METHOD_MATCH = YES;
				COPY_PHASE_STRIP = NO;
				DEBUG_INFORMATION_FORMAT = dwarf;
				ENABLE_STRICT_OBJC_MSGSEND = YES;
				ENABLE_TESTABILITY = YES;
				GCC_C_LANGUAGE_STANDARD = gnu11;
				GCC_DYNAMIC_NO_PIC = NO;
				GCC_NO_COMMON_BLOCKS = YES;
				GCC_OPTIMIZATION_LEVEL = 0;
				GCC_PREPROCESSOR_DEFINITIONS = (
					"DEBUG=1",
					"$(inherited)",
				);
				GCC_WARN_64_TO_32_BIT_CONVERSION = YES;
				GCC_WARN_ABOUT_RETURN_TYPE = YES_ERROR;
				GCC_WARN_UNDECLARED_SELECTOR = YES;
				GCC_WARN_UNINITIALIZED_AUTOS = YES_AGGRESSIVE;
				GCC_WARN_UNUSED_FUNCTION = YES;
				GCC_WARN_UNUSED_VARIABLE = YES;
				IPHONEOS_DEPLOYMENT_TARGET = 15.2;
				MTL_ENABLE_DEBUG_INFO = INCLUDE_SOURCE;
				MTL_FAST_MATH = YES;
				ONLY_ACTIVE_ARCH = YES;
				SDKROOT = iphoneos;
				SWIFT_ACTIVE_COMPILATION_CONDITIONS = DEBUG;
				SWIFT_OPTIMIZATION_LEVEL = "-Onone";
			};
			name = Debug;
		};
		CB9A73F82956E977009DEA39 /* Release */ = {
			isa = XCBuildConfiguration;
			buildSettings = {
				ALWAYS_SEARCH_USER_PATHS = NO;
				CLANG_ANALYZER_NONNULL = YES;
				CLANG_ANALYZER_NUMBER_OBJECT_CONVERSION = YES_AGGRESSIVE;
				CLANG_CXX_LANGUAGE_STANDARD = "gnu++17";
				CLANG_CXX_LIBRARY = "libc++";
				CLANG_ENABLE_MODULES = YES;
				CLANG_ENABLE_OBJC_ARC = YES;
				CLANG_ENABLE_OBJC_WEAK = YES;
				CLANG_WARN_BLOCK_CAPTURE_AUTORELEASING = YES;
				CLANG_WARN_BOOL_CONVERSION = YES;
				CLANG_WARN_COMMA = YES;
				CLANG_WARN_CONSTANT_CONVERSION = YES;
				CLANG_WARN_DEPRECATED_OBJC_IMPLEMENTATIONS = YES;
				CLANG_WARN_DIRECT_OBJC_ISA_USAGE = YES_ERROR;
				CLANG_WARN_DOCUMENTATION_COMMENTS = YES;
				CLANG_WARN_EMPTY_BODY = YES;
				CLANG_WARN_ENUM_CONVERSION = YES;
				CLANG_WARN_INFINITE_RECURSION = YES;
				CLANG_WARN_INT_CONVERSION = YES;
				CLANG_WARN_NON_LITERAL_NULL_CONVERSION = YES;
				CLANG_WARN_OBJC_IMPLICIT_RETAIN_SELF = YES;
				CLANG_WARN_OBJC_LITERAL_CONVERSION = YES;
				CLANG_WARN_OBJC_ROOT_CLASS = YES_ERROR;
				CLANG_WARN_QUOTED_INCLUDE_IN_FRAMEWORK_HEADER = YES;
				CLANG_WARN_RANGE_LOOP_ANALYSIS = YES;
				CLANG_WARN_STRICT_PROTOTYPES = YES;
				CLANG_WARN_SUSPICIOUS_MOVE = YES;
				CLANG_WARN_UNGUARDED_AVAILABILITY = YES_AGGRESSIVE;
				CLANG_WARN_UNREACHABLE_CODE = YES;
				CLANG_WARN__DUPLICATE_METHOD_MATCH = YES;
				COPY_PHASE_STRIP = NO;
				DEBUG_INFORMATION_FORMAT = "dwarf-with-dsym";
				ENABLE_NS_ASSERTIONS = NO;
				ENABLE_STRICT_OBJC_MSGSEND = YES;
				GCC_C_LANGUAGE_STANDARD = gnu11;
				GCC_NO_COMMON_BLOCKS = YES;
				GCC_WARN_64_TO_32_BIT_CONVERSION = YES;
				GCC_WARN_ABOUT_RETURN_TYPE = YES_ERROR;
				GCC_WARN_UNDECLARED_SELECTOR = YES;
				GCC_WARN_UNINITIALIZED_AUTOS = YES_AGGRESSIVE;
				GCC_WARN_UNUSED_FUNCTION = YES;
				GCC_WARN_UNUSED_VARIABLE = YES;
				IPHONEOS_DEPLOYMENT_TARGET = 15.2;
				MTL_ENABLE_DEBUG_INFO = NO;
				MTL_FAST_MATH = YES;
				SDKROOT = iphoneos;
				SWIFT_COMPILATION_MODE = wholemodule;
				SWIFT_OPTIMIZATION_LEVEL = "-O";
				VALIDATE_PRODUCT = YES;
			};
			name = Release;
		};
		CB9A73FA2956E977009DEA39 /* Debug */ = {
			isa = XCBuildConfiguration;
			buildSettings = {
				ASSETCATALOG_COMPILER_APPICON_NAME = AppIcon;
				ASSETCATALOG_COMPILER_GLOBAL_ACCENT_COLOR_NAME = AccentColor;
				CODE_SIGN_STYLE = Automatic;
				CURRENT_PROJECT_VERSION = 1;
				DEVELOPMENT_TEAM = MYKB7T756Z;
				GENERATE_INFOPLIST_FILE = YES;
				INFOPLIST_FILE = RedditProject/Info.plist;
				INFOPLIST_KEY_UIApplicationSupportsIndirectInputEvents = YES;
				INFOPLIST_KEY_UILaunchStoryboardName = LaunchScreen;
				INFOPLIST_KEY_UIMainStoryboardFile = Main;
				INFOPLIST_KEY_UISupportedInterfaceOrientations_iPad = "UIInterfaceOrientationPortrait UIInterfaceOrientationPortraitUpsideDown UIInterfaceOrientationLandscapeLeft UIInterfaceOrientationLandscapeRight";
				INFOPLIST_KEY_UISupportedInterfaceOrientations_iPhone = "UIInterfaceOrientationPortrait UIInterfaceOrientationLandscapeLeft UIInterfaceOrientationLandscapeRight";
				LD_RUNPATH_SEARCH_PATHS = (
					"$(inherited)",
					"@executable_path/Frameworks",
				);
				MARKETING_VERSION = 1.0;
				PRODUCT_BUNDLE_IDENTIFIER = JohnBaer.RedditProject;
				PRODUCT_NAME = "$(TARGET_NAME)";
				SWIFT_EMIT_LOC_STRINGS = YES;
				SWIFT_VERSION = 5.0;
				TARGETED_DEVICE_FAMILY = "1,2";
			};
			name = Debug;
		};
		CB9A73FB2956E977009DEA39 /* Release */ = {
			isa = XCBuildConfiguration;
			buildSettings = {
				ASSETCATALOG_COMPILER_APPICON_NAME = AppIcon;
				ASSETCATALOG_COMPILER_GLOBAL_ACCENT_COLOR_NAME = AccentColor;
				CODE_SIGN_STYLE = Automatic;
				CURRENT_PROJECT_VERSION = 1;
				DEVELOPMENT_TEAM = MYKB7T756Z;
				GENERATE_INFOPLIST_FILE = YES;
				INFOPLIST_FILE = RedditProject/Info.plist;
				INFOPLIST_KEY_UIApplicationSupportsIndirectInputEvents = YES;
				INFOPLIST_KEY_UILaunchStoryboardName = LaunchScreen;
				INFOPLIST_KEY_UIMainStoryboardFile = Main;
				INFOPLIST_KEY_UISupportedInterfaceOrientations_iPad = "UIInterfaceOrientationPortrait UIInterfaceOrientationPortraitUpsideDown UIInterfaceOrientationLandscapeLeft UIInterfaceOrientationLandscapeRight";
				INFOPLIST_KEY_UISupportedInterfaceOrientations_iPhone = "UIInterfaceOrientationPortrait UIInterfaceOrientationLandscapeLeft UIInterfaceOrientationLandscapeRight";
				LD_RUNPATH_SEARCH_PATHS = (
					"$(inherited)",
					"@executable_path/Frameworks",
				);
				MARKETING_VERSION = 1.0;
				PRODUCT_BUNDLE_IDENTIFIER = JohnBaer.RedditProject;
				PRODUCT_NAME = "$(TARGET_NAME)";
				SWIFT_EMIT_LOC_STRINGS = YES;
				SWIFT_VERSION = 5.0;
				TARGETED_DEVICE_FAMILY = "1,2";
			};
			name = Release;
		};
		CB9A73FD2956E977009DEA39 /* Debug */ = {
			isa = XCBuildConfiguration;
			buildSettings = {
				ALWAYS_EMBED_SWIFT_STANDARD_LIBRARIES = YES;
				BUNDLE_LOADER = "$(TEST_HOST)";
				CODE_SIGN_STYLE = Automatic;
				CURRENT_PROJECT_VERSION = 1;
				DEVELOPMENT_TEAM = MYKB7T756Z;
				GENERATE_INFOPLIST_FILE = YES;
				IPHONEOS_DEPLOYMENT_TARGET = 15.2;
				MARKETING_VERSION = 1.0;
				PRODUCT_BUNDLE_IDENTIFIER = JohnBaer.RedditProjectTests;
				PRODUCT_NAME = "$(TARGET_NAME)";
				SWIFT_EMIT_LOC_STRINGS = NO;
				SWIFT_VERSION = 5.0;
				TARGETED_DEVICE_FAMILY = "1,2";
				TEST_HOST = "$(BUILT_PRODUCTS_DIR)/RedditProject.app/RedditProject";
			};
			name = Debug;
		};
		CB9A73FE2956E977009DEA39 /* Release */ = {
			isa = XCBuildConfiguration;
			buildSettings = {
				ALWAYS_EMBED_SWIFT_STANDARD_LIBRARIES = YES;
				BUNDLE_LOADER = "$(TEST_HOST)";
				CODE_SIGN_STYLE = Automatic;
				CURRENT_PROJECT_VERSION = 1;
				DEVELOPMENT_TEAM = MYKB7T756Z;
				GENERATE_INFOPLIST_FILE = YES;
				IPHONEOS_DEPLOYMENT_TARGET = 15.2;
				MARKETING_VERSION = 1.0;
				PRODUCT_BUNDLE_IDENTIFIER = JohnBaer.RedditProjectTests;
				PRODUCT_NAME = "$(TARGET_NAME)";
				SWIFT_EMIT_LOC_STRINGS = NO;
				SWIFT_VERSION = 5.0;
				TARGETED_DEVICE_FAMILY = "1,2";
				TEST_HOST = "$(BUILT_PRODUCTS_DIR)/RedditProject.app/RedditProject";
			};
			name = Release;
		};
		CB9A74002956E977009DEA39 /* Debug */ = {
			isa = XCBuildConfiguration;
			buildSettings = {
				ALWAYS_EMBED_SWIFT_STANDARD_LIBRARIES = YES;
				CODE_SIGN_STYLE = Automatic;
				CURRENT_PROJECT_VERSION = 1;
				DEVELOPMENT_TEAM = MYKB7T756Z;
				GENERATE_INFOPLIST_FILE = YES;
				MARKETING_VERSION = 1.0;
				PRODUCT_BUNDLE_IDENTIFIER = JohnBaer.RedditProjectUITests;
				PRODUCT_NAME = "$(TARGET_NAME)";
				SWIFT_EMIT_LOC_STRINGS = NO;
				SWIFT_VERSION = 5.0;
				TARGETED_DEVICE_FAMILY = "1,2";
				TEST_TARGET_NAME = RedditProject;
			};
			name = Debug;
		};
		CB9A74012956E977009DEA39 /* Release */ = {
			isa = XCBuildConfiguration;
			buildSettings = {
				ALWAYS_EMBED_SWIFT_STANDARD_LIBRARIES = YES;
				CODE_SIGN_STYLE = Automatic;
				CURRENT_PROJECT_VERSION = 1;
				DEVELOPMENT_TEAM = MYKB7T756Z;
				GENERATE_INFOPLIST_FILE = YES;
				MARKETING_VERSION = 1.0;
				PRODUCT_BUNDLE_IDENTIFIER = JohnBaer.RedditProjectUITests;
				PRODUCT_NAME = "$(TARGET_NAME)";
				SWIFT_EMIT_LOC_STRINGS = NO;
				SWIFT_VERSION = 5.0;
				TARGETED_DEVICE_FAMILY = "1,2";
				TEST_TARGET_NAME = RedditProject;
			};
			name = Release;
		};
/* End XCBuildConfiguration section */

/* Begin XCConfigurationList section */
		CB9A73C72956E970009DEA39 /* Build configuration list for PBXProject "RedditProject" */ = {
			isa = XCConfigurationList;
			buildConfigurations = (
				CB9A73F72956E977009DEA39 /* Debug */,
				CB9A73F82956E977009DEA39 /* Release */,
			);
			defaultConfigurationIsVisible = 0;
			defaultConfigurationName = Release;
		};
		CB9A73F92956E977009DEA39 /* Build configuration list for PBXNativeTarget "RedditProject" */ = {
			isa = XCConfigurationList;
			buildConfigurations = (
				CB9A73FA2956E977009DEA39 /* Debug */,
				CB9A73FB2956E977009DEA39 /* Release */,
			);
			defaultConfigurationIsVisible = 0;
			defaultConfigurationName = Release;
		};
		CB9A73FC2956E977009DEA39 /* Build configuration list for PBXNativeTarget "RedditProjectTests" */ = {
			isa = XCConfigurationList;
			buildConfigurations = (
				CB9A73FD2956E977009DEA39 /* Debug */,
				CB9A73FE2956E977009DEA39 /* Release */,
			);
			defaultConfigurationIsVisible = 0;
			defaultConfigurationName = Release;
		};
		CB9A73FF2956E977009DEA39 /* Build configuration list for PBXNativeTarget "RedditProjectUITests" */ = {
			isa = XCConfigurationList;
			buildConfigurations = (
				CB9A74002956E977009DEA39 /* Debug */,
				CB9A74012956E977009DEA39 /* Release */,
			);
			defaultConfigurationIsVisible = 0;
			defaultConfigurationName = Release;
		};
/* End XCConfigurationList section */

/* Begin XCVersionGroup section */
		CB9A73D82956E970009DEA39 /* RedditProject.xcdatamodeld */ = {
			isa = XCVersionGroup;
			children = (
				CB9A73D92956E970009DEA39 /* RedditProject.xcdatamodel */,
			);
			currentVersion = CB9A73D92956E970009DEA39 /* RedditProject.xcdatamodel */;
			path = RedditProject.xcdatamodeld;
			sourceTree = "<group>";
			versionGroupType = wrapper.xcdatamodel;
		};
/* End XCVersionGroup section */
	};
	rootObject = CB9A73C42956E970009DEA39 /* Project object */;
}
